
Microsoft Visual Studio Solution File, Format Version 12.00
# Visual Studio Version 16
VisualStudioVersion = 16.0.31005.135
MinimumVisualStudioVersion = 10.0.40219.1
Project("{FAE04EC0-301F-11D3-BF4B-00C04F79EFBC}") = "WindowsFormsApp1", "WindowsFormsApp1\WindowsFormsApp1.csproj", "{5E506F7B-E8BC-4D66-AA52-13B9A05A6EE8}"
EndProject
Global
	GlobalSection(SolutionConfigurationPlatforms) = preSolution
		Debug|Any CPU = Debug|Any CPU
		Release|Any CPU = Release|Any CPU
	EndGlobalSection
	GlobalSection(ProjectConfigurationPlatforms) = postSolution
		{5E506F7B-E8BC-4D66-AA52-13B9A05A6EE8}.Debug|Any CPU.ActiveCfg = Debug|Any CPU
		{5E506F7B-E8BC-4D66-AA52-13B9A05A6EE8}.Debug|Any CPU.Build.0 = Debug|Any CPU
		{5E506F7B-E8BC-4D66-AA52-13B9A05A6EE8}.Release|Any CPU.ActiveCfg = Release|Any CPU
		{5E506F7B-E8BC-4D66-AA52-13B9A05A6EE8}.Release|Any CPU.Build.0 = Release|Any CPU
	EndGlobalSection
	GlobalSection(SolutionProperties) = preSolution
		HideSolutionNode = FALSE
	EndGlobalSection
	GlobalSection(ExtensibilityGlobals) = postSolution
		SolutionGuid = {C4B02B7F-AC99-4E54-BD23-4C05863D8442}
	EndGlobalSection
EndGlobal
